github.com/dissatisfied-nerd/nats-streaming/pkg/checkerror v0.0.0-20231019163752-b77f0f77bee7 h1:r+rmR6gVTxWhpLcXPbiDo3qdA6bFuAHy4+BXECcDnhk=
github.com/dissatisfied-nerd/nats-streaming/pkg/checkerror v0.0.0-20231019163752-b77f0f77bee7/go.mod h1:V2qE3wWiXb7kM7falvt4Bk+mzVeeGbTIRHF5gEInwDo=
github.com/dissatisfied-nerd/nats-streaming/pkg/checkerror v0.0.0-20231019170829-4656f0d8c37b h1:a5IHjJAs9O95NS97Oq8RT6sdtVgPNkA0UzH3gN9xFDg=
github.com/dissatisfied-nerd/nats-streaming/pkg/checkerror v0.0.0-20231019170829-4656f0d8c37b/go.mod h1:V2qE3wWiXb7kM7falvt4Bk+mzVeeGbTIRHF5gEInwDo=
github.com/dissatisfied-nerd/nats-streaming/pkg/model v0.0.0-20231019163752-b77f0f77bee7 h1:VYjFqE0MHdAl9Iu1Gt+lJngShdemLCGDuZjz078yK+0=
github.com/dissatisfied-nerd/nats-streaming/pkg/model v0.0.0-20231019163752-b77f0f77bee7/go.mod h1:TL+gxFMuGiOzrz2oOZlrgGXy09K695EUTNfh4RIX2+w=
github.com/dissatisfied-nerd/nats-streaming/pkg/model v0.0.0-20231019170829-4656f0d8c37b h1:amwvGgj2rtal7n48o4hKE1orGsMfw48sN97bgS1+iIc=
github.com/dissatisfied-nerd/nats-streaming/pkg/model v0.0.0-20231019170829-4656f0d8c37b/go.mod h1:TL+gxFMuGiOzrz2oOZlrgGXy09K695EUTNfh4RIX2+w=
